// !$*UTF8*$!
{
	archiveVersion = 1;
	classes = {
	};
	objectVersion = 77;
	objects = {

/* Begin PBXContainerItemProxy section */
		DD8174B32EF32434005E46FC /* PBXContainerItemProxy */ = {
			isa = PBXContainerItemProxy;
			containerPortal = DD81749D2EF32433005E46FC /* Project object */;
			proxyType = 1;
			remoteGlobalIDString = DD8174A42EF32433005E46FC;
			remoteInfo = Christmas_tree;
		};
		DD8174BD2EF32434005E46FC /* PBXContainerItemProxy */ = {
			isa = PBXContainerItemProxy;
			containerPortal = DD81749D2EF32433005E46FC /* Project object */;
			proxyType = 1;
			remoteGlobalIDString = DD8174A42EF32433005E46FC;
			remoteInfo = Christmas_tree;
		};
		DD8174EE2EF32FDE005E46FC /* PBXContainerItemProxy */ = {
			isa = PBXContainerItemProxy;
			containerPortal = DD81749D2EF32433005E46FC /* Project object */;
			proxyType = 1;
			remoteGlobalIDString = DD8174E02EF32FDD005E46FC;
			remoteInfo = ChristmasTreeApp;
		};
		DD8174F82EF32FDE005E46FC /* PBXContainerItemProxy */ = {
			isa = PBXContainerItemProxy;
			containerPortal = DD81749D2EF32433005E46FC /* Project object */;
			proxyType = 1;
			remoteGlobalIDString = DD8174E02EF32FDD005E46FC;
			remoteInfo = ChristmasTreeApp;
		};
/* End PBXContainerItemProxy section */

/* Begin PBXFileReference section */
		DD8174A52EF32433005E46FC /* Christmas_tree.app */ = {isa = PBXFileReference; explicitFileType = wrapper.application; includeInIndex = 0; path = Christmas_tree.app; sourceTree = BUILT_PRODUCTS_DIR; };
		DD8174B22EF32434005E46FC /* Christmas_treeTests.xctest */ = {isa = PBXFileReference; explicitFileType = wrapper.cfbundle; includeInIndex = 0; path = Christmas_treeTests.xctest; sourceTree = BUILT_PRODUCTS_DIR; };
		DD8174BC2EF32434005E46FC /* Christmas_treeUITests.xctest */ = {isa = PBXFileReference; explicitFileType = wrapper.cfbundle; includeInIndex = 0; path = Christmas_treeUITests.xctest; sourceTree = BUILT_PRODUCTS_DIR; };
		DD8174E12EF32FDD005E46FC /* ChristmasTreeApp.app */ = {isa = PBXFileReference; explicitFileType = wrapper.application; includeInIndex = 0; path = ChristmasTreeApp.app; sourceTree = BUILT_PRODUCTS_DIR; };
		DD8174ED2EF32FDE005E46FC /* ChristmasTreeAppTests.xctest */ = {isa = PBXFileReference; explicitFileType = wrapper.cfbundle; includeInIndex = 0; path = ChristmasTreeAppTests.xctest; sourceTree = BUILT_PRODUCTS_DIR; };
		DD8174F72EF32FDE005E46FC /* ChristmasTreeAppUITests.xctest */ = {isa = PBXFileReference; explicitFileType = wrapper.cfbundle; includeInIndex = 0; path = ChristmasTreeAppUITests.xctest; sourceTree = BUILT_PRODUCTS_DIR; };
/* End PBXFileReference section */

/* Begin PBXFileSystemSynchronizedBuildFileExceptionSet section */
		DD81750D2EF3316F005E46FC /* Exceptions for "ChristmasTreeApp" folder in "Christmas_tree" target */ = {
			isa = PBXFileSystemSynchronizedBuildFileExceptionSet;
			membershipExceptions = (
				"ContentView 2.swift",
				MetalView.swift,
				Renderer.swift,
				Shaders.metal,
			);
			target = DD8174A42EF32433005E46FC /* Christmas_tree */;
		};
/* End PBXFileSystemSynchronizedBuildFileExceptionSet section */

/* Begin PBXFileSystemSynchronizedRootGroup section */
		DD8174E22EF32FDD005E46FC /* ChristmasTreeApp */ = {
			isa = PBXFileSystemSynchronizedRootGroup;
			exceptions = (
				DD81750D2EF3316F005E46FC /* Exceptions for "ChristmasTreeApp" folder in "Christmas_tree" target */,
			);
			path = ChristmasTreeApp;
			sourceTree = "<group>";
		};
		DD8174F02EF32FDE005E46FC /* ChristmasTreeAppTests */ = {
			isa = PBXFileSystemSynchronizedRootGroup;
			path = ChristmasTreeAppTests;
			sourceTree = "<group>";
		};
		DD8174FA2EF32FDE005E46FC /* ChristmasTreeAppUITests */ = {
			isa = PBXFileSystemSynchronizedRootGroup;
			path = ChristmasTreeAppUITests;
			sourceTree = "<group>";
		};
/* End PBXFileSystemSynchronizedRootGroup section */

/* Begin PBXFrameworksBuildPhase section */
		DD8174A22EF32433005E46FC /* Frameworks */ = {
			isa = PBXFrameworksBuildPhase;
			buildActionMask = 2147483647;
			files = (
			);
			runOnlyForDeploymentPostprocessing = 0;
		};
		DD8174AF2EF32434005E46FC /* Frameworks */ = {
			isa = PBXFrameworksBuildPhase;
			buildActionMask = 2147483647;
			files = (
			);
			runOnlyForDeploymentPostprocessing = 0;
		};
		DD8174B92EF32434005E46FC /* Frameworks */ = {
			isa = PBXFrameworksBuildPhase;
			buildActionMask = 2147483647;
			files = (
			);
			runOnlyForDeploymentPostprocessing = 0;
		};
		DD8174DE2EF32FDD005E46FC /* Frameworks */ = {
			isa = PBXFrameworksBuildPhase;
			buildActionMask = 2147483647;
			files = (
			);
			runOnlyForDeploymentPostprocessing = 0;
		};
		DD8174EA2EF32FDE005E46FC /* Frameworks */ = {
			isa = PBXFrameworksBuildPhase;
			buildActionMask = 2147483647;
			files = (
			);
			runOnlyForDeploymentPostprocessing = 0;
		};
		DD8174F42EF32FDE005E46FC /* Frameworks */ = {
			isa = PBXFrameworksBuildPhase;
			buildActionMask = 2147483647;
			files = (
			);
			runOnlyForDeploymentPostprocessing = 0;
		};
/* End PBXFrameworksBuildPhase section */

/* Begin PBXGroup section */
		DD81749C2EF32433005E46FC = {
			isa = PBXGroup;
			children = (
				DD8174E22EF32FDD005E46FC /* ChristmasTreeApp */,
				DD8174F02EF32FDE005E46FC /* ChristmasTreeAppTests */,
				DD8174FA2EF32FDE005E46FC /* ChristmasTreeAppUITests */,
				DD8174A62EF32433005E46FC /* Products */,
			);
			sourceTree = "<group>";
		};
		DD8174A62EF32433005E46FC /* Products */ = {
			isa = PBXGroup;
			children = (
				DD8174A52EF32433005E46FC /* Christmas_tree.app */,
				DD8174B22EF32434005E46FC /* Christmas_treeTests.xctest */,
				DD8174BC2EF32434005E46FC /* Christmas_treeUITests.xctest */,
				DD8174E12EF32FDD005E46FC /* ChristmasTreeApp.app */,
				DD8174ED2EF32FDE005E46FC /* ChristmasTreeAppTests.xctest */,
				DD8174F72EF32FDE005E46FC /* ChristmasTreeAppUITests.xctest */,
			);
			name = Products;
			sourceTree = "<group>";
		};
/* End PBXGroup section */

/* Begin PBXNativeTarget section */
		DD8174A42EF32433005E46FC /* Christmas_tree */ = {
			isa = PBXNativeTarget;
			buildConfigurationList = DD8174C62EF32434005E46FC /* Build configuration list for PBXNativeTarget "Christmas_tree" */;
			buildPhases = (
				DD8174A12EF32433005E46FC /* Sources */,
				DD8174A22EF32433005E46FC /* Frameworks */,
				DD8174A32EF32433005E46FC /* Resources */,
			);
			buildRules = (
			);
			dependencies = (
			);
			name = Christmas_tree;
			packageProductDependencies = (
			);
			productName = Christmas_tree;
			productReference = DD8174A52EF32433005E46FC /* Christmas_tree.app */;
			productType = "com.apple.product-type.application";
		};
		DD8174B12EF32434005E46FC /* Christmas_treeTests */ = {
			isa = PBXNativeTarget;
			buildConfigurationList = DD8174C92EF32434005E46FC /* Build configuration list for PBXNativeTarget "Christmas_treeTests" */;
			buildPhases = (
				DD8174AE2EF32434005E46FC /* Sources */,
				DD8174AF2EF32434005E46FC /* Frameworks */,
				DD8174B02EF32434005E46FC /* Resources */,
			);
			buildRules = (
			);
			dependencies = (
				DD8174B42EF32434005E46FC /* PBXTargetDependency */,
			);
			name = Christmas_treeTests;
			packageProductDependencies = (
			);
			productName = Christmas_treeTests;
			productReference = DD8174B22EF32434005E46FC /* Christmas_treeTests.xctest */;
			productType = "com.apple.product-type.bundle.unit-test";
		};
		DD8174BB2EF32434005E46FC /* Christmas_treeUITests */ = {
			isa = PBXNativeTarget;
			buildConfigurationList = DD8174CC2EF32434005E46FC /* Build configuration list for PBXNativeTarget "Christmas_treeUITests" */;
			buildPhases = (
				DD8174B82EF32434005E46FC /* Sources */,
				DD8174B92EF32434005E46FC /* Frameworks */,
				DD8174BA2EF32434005E46FC /* Resources */,
			);
			buildRules = (
			);
			dependencies = (
				DD8174BE2EF32434005E46FC /* PBXTargetDependency */,
			);
			name = Christmas_treeUITests;
			packageProductDependencies = (
			);
			productName = Christmas_treeUITests;
			productReference = DD8174BC2EF32434005E46FC /* Christmas_treeUITests.xctest */;
			productType = "com.apple.product-type.bundle.ui-testing";
		};
		DD8174E02EF32FDD005E46FC /* ChristmasTreeApp */ = {
			isa = PBXNativeTarget;
			buildConfigurationList = DD8174FF2EF32FDE005E46FC /* Build configuration list for PBXNativeTarget "ChristmasTreeApp" */;
			buildPhases = (
				DD8174DD2EF32FDD005E46FC /* Sources */,
				DD8174DE2EF32FDD005E46FC /* Frameworks */,
				DD8174DF2EF32FDD005E46FC /* Resources */,
			);
			buildRules = (
			);
			dependencies = (
			);
			fileSystemSynchronizedGroups = (
				DD8174E22EF32FDD005E46FC /* ChristmasTreeApp */,
			);
			name = ChristmasTreeApp;
			packageProductDependencies = (
			);
			productName = ChristmasTreeApp;
			productReference = DD8174E12EF32FDD005E46FC /* ChristmasTreeApp.app */;
			productType = "com.apple.product-type.application";
		};
		DD8174EC2EF32FDE005E46FC /* ChristmasTreeAppTests */ = {
			isa = PBXNativeTarget;
			buildConfigurationList = DD8175022EF32FDE005E46FC /* Build configuration list for PBXNativeTarget "ChristmasTreeAppTests" */;
			buildPhases = (
				DD8174E92EF32FDE005E46FC /* Sources */,
				DD8174EA2EF32FDE005E46FC /* Frameworks */,
				DD8174EB2EF32FDE005E46FC /* Resources */,
			);
			buildRules = (
			);
			dependencies = (
				DD8174EF2EF32FDE005E46FC /* PBXTargetDependency */,
			);
			fileSystemSynchronizedGroups = (
				DD8174F02EF32FDE005E46FC /* ChristmasTreeAppTests */,
			);
			name = ChristmasTreeAppTests;
			packageProductDependencies = (
			);
			productName = ChristmasTreeAppTests;
			productReference = DD8174ED2EF32FDE005E46FC /* ChristmasTreeAppTests.xctest */;
			productType = "com.apple.product-type.bundle.unit-test";
		};
		DD8174F62EF32FDE005E46FC /* ChristmasTreeAppUITests */ = {
			isa = PBXNativeTarget;
			buildConfigurationList = DD8175052EF32FDE005E46FC /* Build configuration list for PBXNativeTarget "ChristmasTreeAppUITests" */;
			buildPhases = (
				DD8174F32EF32FDE005E46FC /* Sources */,
				DD8174F42EF32FDE005E46FC /* Frameworks */,
				DD8174F52EF32FDE005E46FC /* Resources */,
			);
			buildRules = (
			);
			dependencies = (
				DD8174F92EF32FDE005E46FC /* PBXTargetDependency */,
			);
			fileSystemSynchronizedGroups = (
				DD8174FA2EF32FDE005E46FC /* ChristmasTreeAppUITests */,
			);
			name = ChristmasTreeAppUITests;
			packageProductDependencies = (
			);
			productName = ChristmasTreeAppUITests;
			productReference = DD8174F72EF32FDE005E46FC /* ChristmasTreeAppUITests.xctest */;
			productType = "com.apple.product-type.bundle.ui-testing";
		};
/* End PBXNativeTarget section */

/* Begin PBXProject section */
		DD81749D2EF32433005E46FC /* Project object */ = {
			isa = PBXProject;
			attributes = {
				BuildIndependentTargetsInParallel = 1;
				LastSwiftUpdateCheck = 2620;
				LastUpgradeCheck = 2620;
				TargetAttributes = {
					DD8174A42EF32433005E46FC = {
						CreatedOnToolsVersion = 26.2;
					};
					DD8174B12EF32434005E46FC = {
						CreatedOnToolsVersion = 26.2;
						TestTargetID = DD8174A42EF32433005E46FC;
					};
					DD8174BB2EF32434005E46FC = {
						CreatedOnToolsVersion = 26.2;
						TestTargetID = DD8174A42EF32433005E46FC;
					};
					DD8174E02EF32FDD005E46FC = {
						CreatedOnToolsVersion = 26.2;
					};
					DD8174EC2EF32FDE005E46FC = {
						CreatedOnToolsVersion = 26.2;
						TestTargetID = DD8174E02EF32FDD005E46FC;
					};
					DD8174F62EF32FDE005E46FC = {
						CreatedOnToolsVersion = 26.2;
						TestTargetID = DD8174E02EF32FDD005E46FC;
					};
				};
			};
			buildConfigurationList = DD8174A02EF32433005E46FC /* Build configuration list for PBXProject "Christmas_tree" */;
			developmentRegion = en;
			hasScannedForEncodings = 0;
			knownRegions = (
				en,
				Base,
			);
			mainGroup = DD81749C2EF32433005E46FC;
			minimizedProjectReferenceProxies = 1;
			preferredProjectObjectVersion = 77;
			productRefGroup = DD8174A62EF32433005E46FC /* Products */;
			projectDirPath = "";
			projectRoot = "";
			targets = (
				DD8174A42EF32433005E46FC /* Christmas_tree */,
				DD8174B12EF32434005E46FC /* Christmas_treeTests */,
				DD8174BB2EF32434005E46FC /* Christmas_treeUITests */,
				DD8174E02EF32FDD005E46FC /* ChristmasTreeApp */,
				DD8174EC2EF32FDE005E46FC /* ChristmasTreeAppTests */,
				DD8174F62EF32FDE005E46FC /* ChristmasTreeAppUITests */,
			);
		};
/* End PBXProject section */

/* Begin PBXResourcesBuildPhase section */
		DD8174A32EF32433005E46FC /* Resources */ = {
			isa = PBXResourcesBuildPhase;
			buildActionMask = 2147483647;
			files = (
			);
			runOnlyForDeploymentPostprocessing = 0;
		};
		DD8174B02EF32434005E46FC /* Resources */ = {
			isa = PBXResourcesBuildPhase;
			buildActionMask = 2147483647;
			files = (
			);
			runOnlyForDeploymentPostprocessing = 0;
		};
		DD8174BA2EF32434005E46FC /* Resources */ = {
			isa = PBXResourcesBuildPhase;
			buildActionMask = 2147483647;
			files = (
			);
			runOnlyForDeploymentPostprocessing = 0;
		};
		DD8174DF2EF32FDD005E46FC /* Resources */ = {
			isa = PBXResourcesBuildPhase;
			buildActionMask = 2147483647;
			files = (
			);
			runOnlyForDeploymentPostprocessing = 0;
		};
		DD8174EB2EF32FDE005E46FC /* Resources */ = {
			isa = PBXResourcesBuildPhase;
			buildActionMask = 2147483647;
			files = (
			);
			runOnlyForDeploymentPostprocessing = 0;
		};
		DD8174F52EF32FDE005E46FC /* Resources */ = {
			isa = PBXResourcesBuildPhase;
			buildActionMask = 2147483647;
			files = (
			);
			runOnlyForDeploymentPostprocessing = 0;
		};
/* End PBXResourcesBuildPhase section */

/* Begin PBXSourcesBuildPhase section */
		DD8174A12EF32433005E46FC /* Sources */ = {
			isa = PBXSourcesBuildPhase;
			buildActionMask = 2147483647;
			files = (
			);
			runOnlyForDeploymentPostprocessing = 0;
		};
		DD8174AE2EF32434005E46FC /* Sources */ = {
			isa = PBXSourcesBuildPhase;
			buildActionMask = 2147483647;
			files = (
			);
			runOnlyForDeploymentPostprocessing = 0;
		};
		DD8174B82EF32434005E46FC /* Sources */ = {
			isa = PBXSourcesBuildPhase;
			buildActionMask = 2147483647;
			files = (
			);
			runOnlyForDeploymentPostprocessing = 0;
		};
		DD8174DD2EF32FDD005E46FC /* Sources */ = {
			isa = PBXSourcesBuildPhase;
			buildActionMask = 2147483647;
			files = (
			);
			runOnlyForDeploymentPostprocessing = 0;
		};
		DD8174E92EF32FDE005E46FC /* Sources */ = {
			isa = PBXSourcesBuildPhase;
			buildActionMask = 2147483647;
			files = (
			);
			runOnlyForDeploymentPostprocessing = 0;
		};
		DD8174F32EF32FDE005E46FC /* Sources */ = {
			isa = PBXSourcesBuildPhase;
			buildActionMask = 2147483647;
			files = (
			);
			runOnlyForDeploymentPostprocessing = 0;
		};
/* End PBXSourcesBuildPhase section */

/* Begin PBXTargetDependency section */
		DD8174B42EF32434005E46FC /* PBXTargetDependency */ = {
			isa = PBXTargetDependency;
			target = DD8174A42EF32433005E46FC /* Christmas_tree */;
			targetProxy = DD8174B32EF32434005E46FC /* PBXContainerItemProxy */;
		};
		DD8174BE2EF32434005E46FC /* PBXTargetDependency */ = {
			isa = PBXTargetDependency;
			target = DD8174A42EF32433005E46FC /* Christmas_tree */;
			targetProxy = DD8174BD2EF32434005E46FC /* PBXContainerItemProxy */;
		};
		DD8174EF2EF32FDE005E46FC /* PBXTargetDependency */ = {
			isa = PBXTargetDependency;
			target = DD8174E02EF32FDD005E46FC /* ChristmasTreeApp */;
			targetProxy = DD8174EE2EF32FDE005E46FC /* PBXContainerItemProxy */;
		};
		DD8174F92EF32FDE005E46FC /* PBXTargetDependency */ = {
			isa = PBXTargetDependency;
			target = DD8174E02EF32FDD005E46FC /* ChristmasTreeApp */;
			targetProxy = DD8174F82EF32FDE005E46FC /* PBXContainerItemProxy */;
		};
/* End PBXTargetDependency section */

/* Begin XCBuildConfiguration section */
		DD8174C42EF32434005E46FC /* Debug */ = {
			isa = XCBuildConfiguration;
			buildSettings = {
				ALWAYS_SEARCH_USER_PATHS = NO;
				ASSETCATALOG_COMPILER_GENERATE_SWIFT_ASSET_SYMBOL_EXTENSIONS = YES;
				CLANG_ANALYZER_NONNULL = YES;
				CLANG_ANALYZER_NUMBER_OBJECT_CONVERSION = YES_AGGRESSIVE;
				CLANG_CXX_LANGUAGE_STANDARD = "gnu++20";
				CLANG_ENABLE_MODULES = YES;
				CLANG_ENABLE_OBJC_ARC = YES;
				CLANG_ENABLE_OBJC_WEAK = YES;
				CLANG_WARN_BLOCK_CAPTURE_AUTORELEASING = YES;
				CLANG_WARN_BOOL_CONVERSION = YES;
				CLANG_WARN_COMMA = YES;
				CLANG_WARN_CONSTANT_CONVERSION = YES;
				CLANG_WARN_DEPRECATED_OBJC_IMPLEMENTATIONS = YES;
				CLANG_WARN_DIRECT_OBJC_ISA_USAGE = YES_ERROR;
				CLANG_WARN_DOCUMENTATION_COMMENTS = YES;
				CLANG_WARN_EMPTY_BODY = YES;
				CLANG_WARN_ENUM_CONVERSION = YES;
				CLANG_WARN_INFINITE_RECURSION = YES;
				CLANG_WARN_INT_CONVERSION = YES;
				CLANG_WARN_NON_LITERAL_NULL_CONVERSION = YES;
				CLANG_WARN_OBJC_IMPLICIT_RETAIN_SELF = YES;
				CLANG_WARN_OBJC_LITERAL_CONVERSION = YES;
				CLANG_WARN_OBJC_ROOT_CLASS = YES_ERROR;
				CLANG_WARN_QUOTED_INCLUDE_IN_FRAMEWORK_HEADER = YES;
				CLANG_WARN_RANGE_LOOP_ANALYSIS = YES;
				CLANG_WARN_STRICT_PROTOTYPES = YES;
				CLANG_WARN_SUSPICIOUS_MOVE = YES;
				CLANG_WARN_UNGUARDED_AVAILABILITY = YES_AGGRESSIVE;
				CLANG_WARN_UNREACHABLE_CODE = YES;
				CLANG_WARN__DUPLICATE_METHOD_MATCH = YES;
				COPY_PHASE_STRIP = NO;
				DEBUG_INFORMATION_FORMAT = dwarf;
				ENABLE_STRICT_OBJC_MSGSEND = YES;
				ENABLE_TESTABILITY = YES;
				ENABLE_USER_SCRIPT_SANDBOXING = YES;
				GCC_C_LANGUAGE_STANDARD = gnu17;
				GCC_DYNAMIC_NO_PIC = NO;
				GCC_NO_COMMON_BLOCKS = YES;
				GCC_OPTIMIZATION_LEVEL = 0;
				GCC_PREPROCESSOR_DEFINITIONS = (
					"DEBUG=1",
					"$(inherited)",
				);
				GCC_WARN_64_TO_32_BIT_CONVERSION = YES;
				GCC_WARN_ABOUT_RETURN_TYPE = YES_ERROR;
				GCC_WARN_UNDECLARED_SELECTOR = YES;
				GCC_WARN_UNINITIALIZED_AUTOS = YES_AGGRESSIVE;
				GCC_WARN_UNUSED_FUNCTION = YES;
				GCC_WARN_UNUSED_VARIABLE = YES;
				LOCALIZATION_PREFERS_STRING_CATALOGS = YES;
				MTL_ENABLE_DEBUG_INFO = INCLUDE_SOURCE;
				MTL_FAST_MATH = YES;
				ONLY_ACTIVE_ARCH = YES;
				SWIFT_ACTIVE_COMPILATION_CONDITIONS = "DEBUG $(inherited)";
				SWIFT_OPTIMIZATION_LEVEL = "-Onone";
			};
			name = Debug;
		};
		DD8174C52EF32434005E46FC /* Release */ = {
			isa = XCBuildConfiguration;
			buildSettings = {
				ALWAYS_SEARCH_USER_PATHS = NO;
				ASSETCATALOG_COMPILER_GENERATE_SWIFT_ASSET_SYMBOL_EXTENSIONS = YES;
				CLANG_ANALYZER_NONNULL = YES;
				CLANG_ANALYZER_NUMBER_OBJECT_CONVERSION = YES_AGGRESSIVE;
				CLANG_CXX_LANGUAGE_STANDARD = "gnu++20";
				CLANG_ENABLE_MODULES = YES;
				CLANG_ENABLE_OBJC_ARC = YES;
				CLANG_ENABLE_OBJC_WEAK = YES;
				CLANG_WARN_BLOCK_CAPTURE_AUTORELEASING = YES;
				CLANG_WARN_BOOL_CONVERSION = YES;
				CLANG_WARN_COMMA = YES;
				CLANG_WARN_CONSTANT_CONVERSION = YES;
				CLANG_WARN_DEPRECATED_OBJC_IMPLEMENTATIONS = YES;
				CLANG_WARN_DIRECT_OBJC_ISA_USAGE = YES_ERROR;
				CLANG_WARN_DOCUMENTATION_COMMENTS = YES;
				CLANG_WARN_EMPTY_BODY = YES;
				CLANG_WARN_ENUM_CONVERSION = YES;
				CLANG_WARN_INFINITE_RECURSION = YES;
				CLANG_WARN_INT_CONVERSION = YES;
				CLANG_WARN_NON_LITERAL_NULL_CONVERSION = YES;
				CLANG_WARN_OBJC_IMPLICIT_RETAIN_SELF = YES;
				CLANG_WARN_OBJC_LITERAL_CONVERSION = YES;
				CLANG_WARN_OBJC_ROOT_CLASS = YES_ERROR;
				CLANG_WARN_QUOTED_INCLUDE_IN_FRAMEWORK_HEADER = YES;
				CLANG_WARN_RANGE_LOOP_ANALYSIS = YES;
				CLANG_WARN_STRICT_PROTOTYPES = YES;
				CLANG_WARN_SUSPICIOUS_MOVE = YES;
				CLANG_WARN_UNGUARDED_AVAILABILITY = YES_AGGRESSIVE;
				CLANG_WARN_UNREACHABLE_CODE = YES;
				CLANG_WARN__DUPLICATE_METHOD_MATCH = YES;
				COPY_PHASE_STRIP = NO;
				DEBUG_INFORMATION_FORMAT = "dwarf-with-dsym";
				ENABLE_NS_ASSERTIONS = NO;
				ENABLE_STRICT_OBJC_MSGSEND = YES;
				ENABLE_USER_SCRIPT_SANDBOXING = YES;
				GCC_C_LANGUAGE_STANDARD = gnu17;
				GCC_NO_COMMON_BLOCKS = YES;
				GCC_WARN_64_TO_32_BIT_CONVERSION = YES;
				GCC_WARN_ABOUT_RETURN_TYPE = YES_ERROR;
				GCC_WARN_UNDECLARED_SELECTOR = YES;
				GCC_WARN_UNINITIALIZED_AUTOS = YES_AGGRESSIVE;
				GCC_WARN_UNUSED_FUNCTION = YES;
				GCC_WARN_UNUSED_VARIABLE = YES;
				LOCALIZATION_PREFERS_STRING_CATALOGS = YES;
				MTL_ENABLE_DEBUG_INFO = NO;
				MTL_FAST_MATH = YES;
				SWIFT_COMPILATION_MODE = wholemodule;
			};
			name = Release;
		};
		DD8174C72EF32434005E46FC /* Debug */ = {
			isa = XCBuildConfiguration;
			buildSettings = {
				ASSETCATALOG_COMPILER_APPICON_NAME = AppIcon;
				ASSETCATALOG_COMPILER_GLOBAL_ACCENT_COLOR_NAME = AccentColor;
				CODE_SIGN_STYLE = Automatic;
				CURRENT_PROJECT_VERSION = 1;
				ENABLE_APP_SANDBOX = YES;
				ENABLE_PREVIEWS = YES;
				ENABLE_USER_SELECTED_FILES = readonly;
				GENERATE_INFOPLIST_FILE = YES;
				"INFOPLIST_KEY_UIApplicationSceneManifest_Generation[sdk=iphoneos*]" = YES;
				"INFOPLIST_KEY_UIApplicationSceneManifest_Generation[sdk=iphonesimulator*]" = YES;
				"INFOPLIST_KEY_UIApplicationSupportsIndirectInputEvents[sdk=iphoneos*]" = YES;
				"INFOPLIST_KEY_UIApplicationSupportsIndirectInputEvents[sdk=iphonesimulator*]" = YES;
				"INFOPLIST_KEY_UILaunchScreen_Generation[sdk=iphoneos*]" = YES;
				"INFOPLIST_KEY_UILaunchScreen_Generation[sdk=iphonesimulator*]" = YES;
				"INFOPLIST_KEY_UIStatusBarStyle[sdk=iphoneos*]" = UIStatusBarStyleDefault;
				"INFOPLIST_KEY_UIStatusBarStyle[sdk=iphonesimulator*]" = UIStatusBarStyleDefault;
				INFOPLIST_KEY_UISupportedInterfaceOrientations_iPad = "UIInterfaceOrientationPortrait UIInterfaceOrientationPortraitUpsideDown UIInterfaceOrientationLandscapeLeft UIInterfaceOrientationLandscapeRight";
				INFOPLIST_KEY_UISupportedInterfaceOrientations_iPhone = "UIInterfaceOrientationPortrait UIInterfaceOrientationLandscapeLeft UIInterfaceOrientationLandscapeRight";
				IPHONEOS_DEPLOYMENT_TARGET = 26.2;
				LD_RUNPATH_SEARCH_PATHS = "@executable_path/Frameworks";
				"LD_RUNPATH_SEARCH_PATHS[sdk=macosx*]" = "@executable_path/../Frameworks";
				MACOSX_DEPLOYMENT_TARGET = 26.2;
				MARKETING_VERSION = 1.0;
				PRODUCT_BUNDLE_IDENTIFIER = "C.Christmas-tree";
				PRODUCT_NAME = "$(TARGET_NAME)";
				REGISTER_APP_GROUPS = YES;
				SDKROOT = auto;
				STRING_CATALOG_GENERATE_SYMBOLS = YES;
				SUPPORTED_PLATFORMS = macosx;
				SUPPORTS_MACCATALYST = NO;
				SWIFT_APPROACHABLE_CONCURRENCY = YES;
				SWIFT_DEFAULT_ACTOR_ISOLATION = MainActor;
				SWIFT_EMIT_LOC_STRINGS = YES;
				SWIFT_UPCOMING_FEATURE_MEMBER_IMPORT_VISIBILITY = YES;
				SWIFT_VERSION = 5.0;
				XROS_DEPLOYMENT_TARGET = 26.2;
			};
			name = Debug;
		};
		DD8174C82EF32434005E46FC /* Release */ = {
			isa = XCBuildConfiguration;
			buildSettings = {
				ASSETCATALOG_COMPILER_APPICON_NAME = AppIcon;
				ASSETCATALOG_COMPILER_GLOBAL_ACCENT_COLOR_NAME = AccentColor;
				CODE_SIGN_STYLE = Automatic;
				CURRENT_PROJECT_VERSION = 1;
				ENABLE_APP_SANDBOX = YES;
				ENABLE_PREVIEWS = YES;
				ENABLE_USER_SELECTED_FILES = readonly;
				GENERATE_INFOPLIST_FILE = YES;
				"INFOPLIST_KEY_UIApplicationSceneManifest_Generation[sdk=iphoneos*]" = YES;
				"INFOPLIST_KEY_UIApplicationSceneManifest_Generation[sdk=iphonesimulator*]" = YES;
				"INFOPLIST_KEY_UIApplicationSupportsIndirectInputEvents[sdk=iphoneos*]" = YES;
				"INFOPLIST_KEY_UIApplicationSupportsIndirectInputEvents[sdk=iphonesimulator*]" = YES;
				"INFOPLIST_KEY_UILaunchScreen_Generation[sdk=iphoneos*]" = YES;
				"INFOPLIST_KEY_UILaunchScreen_Generation[sdk=iphonesimulator*]" = YES;
				"INFOPLIST_KEY_UIStatusBarStyle[sdk=iphoneos*]" = UIStatusBarStyleDefault;
				"INFOPLIST_KEY_UIStatusBarStyle[sdk=iphonesimulator*]" = UIStatusBarStyleDefault;
				INFOPLIST_KEY_UISupportedInterfaceOrientations_iPad = "UIInterfaceOrientationPortrait UIInterfaceOrientationPortraitUpsideDown UIInterfaceOrientationLandscapeLeft UIInterfaceOrientationLandscapeRight";
				INFOPLIST_KEY_UISupportedInterfaceOrientations_iPhone = "UIInterfaceOrientationPortrait UIInterfaceOrientationLandscapeLeft UIInterfaceOrientationLandscapeRight";
				IPHONEOS_DEPLOYMENT_TARGET = 26.2;
				LD_RUNPATH_SEARCH_PATHS = "@executable_path/Frameworks";
				"LD_RUNPATH_SEARCH_PATHS[sdk=macosx*]" = "@executable_path/../Frameworks";
				MACOSX_DEPLOYMENT_TARGET = 26.2;
				MARKETING_VERSION = 1.0;
				PRODUCT_BUNDLE_IDENTIFIER = "C.Christmas-tree";
				PRODUCT_NAME = "$(TARGET_NAME)";
				REGISTER_APP_GROUPS = YES;
				SDKROOT = auto;
				STRING_CATALOG_GENERATE_SYMBOLS = YES;
				SUPPORTED_PLATFORMS = macosx;
				SUPPORTS_MACCATALYST = NO;
				SWIFT_APPROACHABLE_CONCURRENCY = YES;
				SWIFT_DEFAULT_ACTOR_ISOLATION = MainActor;
				SWIFT_EMIT_LOC_STRINGS = YES;
				SWIFT_UPCOMING_FEATURE_MEMBER_IMPORT_VISIBILITY = YES;
				SWIFT_VERSION = 5.0;
				XROS_DEPLOYMENT_TARGET = 26.2;
			};
			name = Release;
		};
		DD8174CA2EF32434005E46FC /* Debug */ = {
			isa = XCBuildConfiguration;
			buildSettings = {
				BUNDLE_LOADER = "$(TEST_HOST)";
				CODE_SIGN_STYLE = Automatic;
				CURRENT_PROJECT_VERSION = 1;
				GENERATE_INFOPLIST_FILE = YES;
				IPHONEOS_DEPLOYMENT_TARGET = 26.2;
				MACOSX_DEPLOYMENT_TARGET = 26.2;
				MARKETING_VERSION = 1.0;
				PRODUCT_BUNDLE_IDENTIFIER = "C.Christmas-treeTests";
				PRODUCT_NAME = "$(TARGET_NAME)";
				SDKROOT = auto;
				STRING_CATALOG_GENERATE_SYMBOLS = NO;
				SUPPORTED_PLATFORMS = "iphoneos iphonesimulator macosx xros xrsimulator";
				SWIFT_APPROACHABLE_CONCURRENCY = YES;
				SWIFT_EMIT_LOC_STRINGS = NO;
				SWIFT_UPCOMING_FEATURE_MEMBER_IMPORT_VISIBILITY = YES;
				SWIFT_VERSION = 5.0;
				TARGETED_DEVICE_FAMILY = "1,2,7";
				TEST_HOST = "$(BUILT_PRODUCTS_DIR)/Christmas_tree.app/$(BUNDLE_EXECUTABLE_FOLDER_PATH)/Christmas_tree";
				XROS_DEPLOYMENT_TARGET = 26.2;
			};
			name = Debug;
		};
		DD8174CB2EF32434005E46FC /* Release */ = {
			isa = XCBuildConfiguration;
			buildSettings = {
				BUNDLE_LOADER = "$(TEST_HOST)";
				CODE_SIGN_STYLE = Automatic;
				CURRENT_PROJECT_VERSION = 1;
				GENERATE_INFOPLIST_FILE = YES;
				IPHONEOS_DEPLOYMENT_TARGET = 26.2;
				MACOSX_DEPLOYMENT_TARGET = 26.2;
				MARKETING_VERSION = 1.0;
				PRODUCT_BUNDLE_IDENTIFIER = "C.Christmas-treeTests";
				PRODUCT_NAME = "$(TARGET_NAME)";
				SDKROOT = auto;
				STRING_CATALOG_GENERATE_SYMBOLS = NO;
				SUPPORTED_PLATFORMS = "iphoneos iphonesimulator macosx xros xrsimulator";
				SWIFT_APPROACHABLE_CONCURRENCY = YES;
				SWIFT_EMIT_LOC_STRINGS = NO;
				SWIFT_UPCOMING_FEATURE_MEMBER_IMPORT_VISIBILITY = YES;
				SWIFT_VERSION = 5.0;
				TARGETED_DEVICE_FAMILY = "1,2,7";
				TEST_HOST = "$(BUILT_PRODUCTS_DIR)/Christmas_tree.app/$(BUNDLE_EXECUTABLE_FOLDER_PATH)/Christmas_tree";
				XROS_DEPLOYMENT_TARGET = 26.2;
			};
			name = Release;
		};
		DD8174CD2EF32434005E46FC /* Debug */ = {
			isa = XCBuildConfiguration;
			buildSettings = {
				CODE_SIGN_STYLE = Automatic;
				CURRENT_PROJECT_VERSION = 1;
				GENERATE_INFOPLIST_FILE = YES;
				IPHONEOS_DEPLOYMENT_TARGET = 26.2;
				MACOSX_DEPLOYMENT_TARGET = 26.2;
				MARKETING_VERSION = 1.0;
				PRODUCT_BUNDLE_IDENTIFIER = "C.Christmas-treeUITests";
				PRODUCT_NAME = "$(TARGET_NAME)";
				SDKROOT = auto;
				STRING_CATALOG_GENERATE_SYMBOLS = NO;
				SUPPORTED_PLATFORMS = "iphoneos iphonesimulator macosx xros xrsimulator";
				SWIFT_APPROACHABLE_CONCURRENCY = YES;
				SWIFT_EMIT_LOC_STRINGS = NO;
				SWIFT_UPCOMING_FEATURE_MEMBER_IMPORT_VISIBILITY = YES;
				SWIFT_VERSION = 5.0;
				TARGETED_DEVICE_FAMILY = "1,2,7";
				TEST_TARGET_NAME = Christmas_tree;
				XROS_DEPLOYMENT_TARGET = 26.2;
			};
			name = Debug;
		};
		DD8174CE2EF32434005E46FC /* Release */ = {
			isa = XCBuildConfiguration;
			buildSettings = {
				CODE_SIGN_STYLE = Automatic;
				CURRENT_PROJECT_VERSION = 1;
				GENERATE_INFOPLIST_FILE = YES;
				IPHONEOS_DEPLOYMENT_TARGET = 26.2;
				MACOSX_DEPLOYMENT_TARGET = 26.2;
				MARKETING_VERSION = 1.0;
				PRODUCT_BUNDLE_IDENTIFIER = "C.Christmas-treeUITests";
				PRODUCT_NAME = "$(TARGET_NAME)";
				SDKROOT = auto;
				STRING_CATALOG_GENERATE_SYMBOLS = NO;
				SUPPORTED_PLATFORMS = "iphoneos iphonesimulator macosx xros xrsimulator";
				SWIFT_APPROACHABLE_CONCURRENCY = YES;
				SWIFT_EMIT_LOC_STRINGS = NO;
				SWIFT_UPCOMING_FEATURE_MEMBER_IMPORT_VISIBILITY = YES;
				SWIFT_VERSION = 5.0;
				TARGETED_DEVICE_FAMILY = "1,2,7";
				TEST_TARGET_NAME = Christmas_tree;
				XROS_DEPLOYMENT_TARGET = 26.2;
			};
			name = Release;
		};
		DD8175002EF32FDE005E46FC /* Debug */ = {
			isa = XCBuildConfiguration;
			buildSettings = {
				ASSETCATALOG_COMPILER_APPICON_NAME = AppIcon;
				ASSETCATALOG_COMPILER_GLOBAL_ACCENT_COLOR_NAME = AccentColor;
				CODE_SIGN_STYLE = Automatic;
				COMBINE_HIDPI_IMAGES = YES;
				CURRENT_PROJECT_VERSION = 1;
				ENABLE_APP_SANDBOX = YES;
				ENABLE_PREVIEWS = YES;
				ENABLE_USER_SELECTED_FILES = readonly;
				GENERATE_INFOPLIST_FILE = YES;
				INFOPLIST_KEY_NSHumanReadableCopyright = "";
				LD_RUNPATH_SEARCH_PATHS = (
					"$(inherited)",
					"@executable_path/../Frameworks",
				);
				MACOSX_DEPLOYMENT_TARGET = 26.2;
				MARKETING_VERSION = 1.0;
				PRODUCT_BUNDLE_IDENTIFIER = C.ChristmasTreeApp;
				PRODUCT_NAME = "$(TARGET_NAME)";
				REGISTER_APP_GROUPS = YES;
				SDKROOT = macosx;
				STRING_CATALOG_GENERATE_SYMBOLS = YES;
				SWIFT_APPROACHABLE_CONCURRENCY = YES;
				SWIFT_DEFAULT_ACTOR_ISOLATION = MainActor;
				SWIFT_EMIT_LOC_STRINGS = YES;
				SWIFT_UPCOMING_FEATURE_MEMBER_IMPORT_VISIBILITY = YES;
				SWIFT_VERSION = 5.0;
			};
			name = Debug;
		};
		DD8175012EF32FDE005E46FC /* Release */ = {
			isa = XCBuildConfiguration;
			buildSettings = {
				ASSETCATALOG_COMPILER_APPICON_NAME = AppIcon;
				ASSETCATALOG_COMPILER_GLOBAL_ACCENT_COLOR_NAME = AccentColor;
				CODE_SIGN_STYLE = Automatic;
				COMBINE_HIDPI_IMAGES = YES;
				CURRENT_PROJECT_VERSION = 1;
				ENABLE_APP_SANDBOX = YES;
				ENABLE_PREVIEWS = YES;
				ENABLE_USER_SELECTED_FILES = readonly;
				GENERATE_INFOPLIST_FILE = YES;
				INFOPLIST_KEY_NSHumanReadableCopyright = "";
				LD_RUNPATH_SEARCH_PATHS = (
					"$(inherited)",
					"@executable_path/../Frameworks",
				);
				MACOSX_DEPLOYMENT_TARGET = 26.2;
				MARKETING_VERSION = 1.0;
				PRODUCT_BUNDLE_IDENTIFIER = C.ChristmasTreeApp;
				PRODUCT_NAME = "$(TARGET_NAME)";
				REGISTER_APP_GROUPS = YES;
				SDKROOT = macosx;
				STRING_CATALOG_GENERATE_SYMBOLS = YES;
				SWIFT_APPROACHABLE_CONCURRENCY = YES;
				SWIFT_DEFAULT_ACTOR_ISOLATION = MainActor;
				SWIFT_EMIT_LOC_STRINGS = YES;
				SWIFT_UPCOMING_FEATURE_MEMBER_IMPORT_VISIBILITY = YES;
				SWIFT_VERSION = 5.0;
			};
			name = Release;
		};
		DD8175032EF32FDE005E46FC /* Debug */ = {
			isa = XCBuildConfiguration;
			buildSettings = {
				BUNDLE_LOADER = "$(TEST_HOST)";
				CODE_SIGN_STYLE = Automatic;
				CURRENT_PROJECT_VERSION = 1;
				GENERATE_INFOPLIST_FILE = YES;
				MACOSX_DEPLOYMENT_TARGET = 26.2;
				MARKETING_VERSION = 1.0;
				PRODUCT_BUNDLE_IDENTIFIER = C.ChristmasTreeAppTests;
				PRODUCT_NAME = "$(TARGET_NAME)";
				SDKROOT = macosx;
				STRING_CATALOG_GENERATE_SYMBOLS = NO;
				SWIFT_APPROACHABLE_CONCURRENCY = YES;
				SWIFT_EMIT_LOC_STRINGS = NO;
				SWIFT_UPCOMING_FEATURE_MEMBER_IMPORT_VISIBILITY = YES;
				SWIFT_VERSION = 5.0;
				TEST_HOST = "$(BUILT_PRODUCTS_DIR)/ChristmasTreeApp.app/$(BUNDLE_EXECUTABLE_FOLDER_PATH)/ChristmasTreeApp";
			};
			name = Debug;
		};
		DD8175042EF32FDE005E46FC /* Release */ = {
			isa = XCBuildConfiguration;
			buildSettings = {
				BUNDLE_LOADER = "$(TEST_HOST)";
				CODE_SIGN_STYLE = Automatic;
				CURRENT_PROJECT_VERSION = 1;
				GENERATE_INFOPLIST_FILE = YES;
				MACOSX_DEPLOYMENT_TARGET = 26.2;
				MARKETING_VERSION = 1.0;
				PRODUCT_BUNDLE_IDENTIFIER = C.ChristmasTreeAppTests;
				PRODUCT_NAME = "$(TARGET_NAME)";
				SDKROOT = macosx;
				STRING_CATALOG_GENERATE_SYMBOLS = NO;
				SWIFT_APPROACHABLE_CONCURRENCY = YES;
				SWIFT_EMIT_LOC_STRINGS = NO;
				SWIFT_UPCOMING_FEATURE_MEMBER_IMPORT_VISIBILITY = YES;
				SWIFT_VERSION = 5.0;
				TEST_HOST = "$(BUILT_PRODUCTS_DIR)/ChristmasTreeApp.app/$(BUNDLE_EXECUTABLE_FOLDER_PATH)/ChristmasTreeApp";
			};
			name = Release;
		};
		DD8175062EF32FDE005E46FC /* Debug */ = {
			isa = XCBuildConfiguration;
			buildSettings = {
				CODE_SIGN_STYLE = Automatic;
				CURRENT_PROJECT_VERSION = 1;
				GENERATE_INFOPLIST_FILE = YES;
				MACOSX_DEPLOYMENT_TARGET = 26.2;
				MARKETING_VERSION = 1.0;
				PRODUCT_BUNDLE_IDENTIFIER = C.ChristmasTreeAppUITests;
				PRODUCT_NAME = "$(TARGET_NAME)";
				SDKROOT = macosx;
				STRING_CATALOG_GENERATE_SYMBOLS = NO;
				SWIFT_APPROACHABLE_CONCURRENCY = YES;
				SWIFT_EMIT_LOC_STRINGS = NO;
				SWIFT_UPCOMING_FEATURE_MEMBER_IMPORT_VISIBILITY = YES;
				SWIFT_VERSION = 5.0;
				TEST_TARGET_NAME = ChristmasTreeApp;
			};
			name = Debug;
		};
		DD8175072EF32FDE005E46FC /* Release */ = {
			isa = XCBuildConfiguration;
			buildSettings = {
				CODE_SIGN_STYLE = Automatic;
				CURRENT_PROJECT_VERSION = 1;
				GENERATE_INFOPLIST_FILE = YES;
				MACOSX_DEPLOYMENT_TARGET = 26.2;
				MARKETING_VERSION = 1.0;
				PRODUCT_BUNDLE_IDENTIFIER = C.ChristmasTreeAppUITests;
				PRODUCT_NAME = "$(TARGET_NAME)";
				SDKROOT = macosx;
				STRING_CATALOG_GENERATE_SYMBOLS = NO;
				SWIFT_APPROACHABLE_CONCURRENCY = YES;
				SWIFT_EMIT_LOC_STRINGS = NO;
				SWIFT_UPCOMING_FEATURE_MEMBER_IMPORT_VISIBILITY = YES;
				SWIFT_VERSION = 5.0;
				TEST_TARGET_NAME = ChristmasTreeApp;
			};
			name = Release;
		};
/* End XCBuildConfiguration section */

/* Begin XCConfigurationList section */
		DD8174A02EF32433005E46FC /* Build configuration list for PBXProject "Christmas_tree" */ = {
			isa = XCConfigurationList;
			buildConfigurations = (
				DD8174C42EF32434005E46FC /* Debug */,
				DD8174C52EF32434005E46FC /* Release */,
			);
			defaultConfigurationIsVisible = 0;
			defaultConfigurationName = Release;
		};
		DD8174C62EF32434005E46FC /* Build configuration list for PBXNativeTarget "Christmas_tree" */ = {
			isa = XCConfigurationList;
			buildConfigurations = (
				DD8174C72EF32434005E46FC /* Debug */,
				DD8174C82EF32434005E46FC /* Release */,
			);
			defaultConfigurationIsVisible = 0;
			defaultConfigurationName = Release;
		};
		DD8174C92EF32434005E46FC /* Build configuration list for PBXNativeTarget "Christmas_treeTests" */ = {
			isa = XCConfigurationList;
			buildConfigurations = (
				DD8174CA2EF32434005E46FC /* Debug */,
				DD8174CB2EF32434005E46FC /* Release */,
			);
			defaultConfigurationIsVisible = 0;
			defaultConfigurationName = Release;
		};
		DD8174CC2EF32434005E46FC /* Build configuration list for PBXNativeTarget "Christmas_treeUITests" */ = {
			isa = XCConfigurationList;
			buildConfigurations = (
				DD8174CD2EF32434005E46FC /* Debug */,
				DD8174CE2EF32434005E46FC /* Release */,
			);
			defaultConfigurationIsVisible = 0;
			defaultConfigurationName = Release;
		};
		DD8174FF2EF32FDE005E46FC /* Build configuration list for PBXNativeTarget "ChristmasTreeApp" */ = {
			isa = XCConfigurationList;
			buildConfigurations = (
				DD8175002EF32FDE005E46FC /* Debug */,
				DD8175012EF32FDE005E46FC /* Release */,
			);
			defaultConfigurationIsVisible = 0;
			defaultConfigurationName = Release;
		};
		DD8175022EF32FDE005E46FC /* Build configuration list for PBXNativeTarget "ChristmasTreeAppTests" */ = {
			isa = XCConfigurationList;
			buildConfigurations = (
				DD8175032EF32FDE005E46FC /* Debug */,
				DD8175042EF32FDE005E46FC /* Release */,
			);
			defaultConfigurationIsVisible = 0;
			defaultConfigurationName = Release;
		};
		DD8175052EF32FDE005E46FC /* Build configuration list for PBXNativeTarget "ChristmasTreeAppUITests" */ = {
			isa = XCConfigurationList;
			buildConfigurations = (
				DD8175062EF32FDE005E46FC /* Debug */,
				DD8175072EF32FDE005E46FC /* Release */,
			);
			defaultConfigurationIsVisible = 0;
			defaultConfigurationName = Release;
		};
/* End XCConfigurationList section */
	};
	rootObject = DD81749D2EF32433005E46FC /* Project object */;
}
